github.com/NYTimes/gziphandler v1.1.1 h1:ZUDjpQae29j0ryrS0u/B8HZfJBtBQHjqw2rQ2cqUQ3I=
github.com/NYTimes/gziphandler v1.1.1/go.mod h1:n/CVRwUEOgIxrgPvAQhUUr9oeUtvrhMomdKFjzJNB0c=
github.com/cespare/xxhash/v2 v2.1.1 h1:6MnRN8NT7+YBpUIWxHtefFZOKTAPgGjpQSxqLNn0+qY=
github.com/cespare/xxhash/v2 v2.1.1/go.mod h1:VGX0DQ3Q6kWi7AoAeZDth3/j3BFtOZR5XLFGgcrjCOs=
github.com/davecgh/go-spew v1.1.0 h1:ZDRjVQ15GmhC3fiQ8ni8+OwkZQO4DARzQgrnXU1Liz8=
github.com/davecgh/go-spew v1.1.0/go.mod h1:J7Y8YcW2NihsgmVo/mv3lAwl/skON4iLHjSsI+c5H38=
github.com/davecgh/go-spew v1.1.1 h1:vj9j/u1bqnvCEfJOwUhtlOARqs3+rkHYY13jYWTU97c=
github.com/davecgh/go-spew v1.1.1/go.mod h1:J7Y8YcW2NihsgmVo/mv3lAwl/skON4iLHjSsI+c5H38=
github.com/dgryski/go-rendezvous v0.0.0-20200823014737-9f7001d12a5f h1:lO4WD4F/rVNCu3HqELle0jiPLLBs70cWOduZpkS1E78=
github.com/dgryski/go-rendezvous v0.0.0-20200823014737-9f7001d12a5f/go.mod h1:cuUVRXasLTGF7a8hSLbxyZXjz+1KgoB3wDUb6vlszIc=
github.com/fsnotify/fsnotify v1.4.7/go.mod h1:jwhsz4b93w/PPRr/qN1Yymfu8t87LnFCMoQvtojpjFo=
github.com/fsnotify/fsnotify v1.4.9 h1:hsms1Qyu0jgnwNXIxa+/V/PDsU6CfLf6CNO8H7IWoS4=
github.com/fsnotify/fsnotify v1.4.9/go.mod h1:znqG4EE+3YCdAaPaxE2ZRY/06pZUdp0tY4IgpuI1SZQ=
github.com/go-http-utils/etag v0.0.0-20161124023236-513ea8f21eb1 h1:zga7zaRE8HCbWjcXMDlfvmQtH0/kMVLo7cQ48dy6kWg=
github.com/go-http-utils/etag v0.0.0-20161124023236-513ea8f21eb1/go.mod h1:PumS+5d59wmAGsZo6IfRpVNaJUq+6xjC4Utt/k8GO6Q=
github.com/go-http-utils/fresh v0.0.0-20161124030543-7231e26a4b27 h1:O6yi4xa9b2DMosGsXzlMe2E9qXgXCVkRLCoRX+5amxI=
github.com/go-http-utils/fresh v0.0.0-20161124030543-7231e26a4b27/go.mod h1:AYvN8omj7nKLmbcXS2dyABYU6JB1Lz1bHmkkq1kf4I4=
github.com/go-http-utils/headers v0.0.0-20181008091004-fed159eddc2a h1:v6zMvHuY9yue4+QkG/HQ/W67wvtQmWJ4SDo9aK/GIno=
github.com/go-http-utils/headers v0.0.0-20181008091004-fed159eddc2a/go.mod h1:I79BieaU4fxrw4LMXby6q5OS9XnoR9UIKLOzDFjUmuw=
github.com/go-redis/redis v6.15.9+incompatible h1:K0pv1D7EQUjfyoMql+r/jZqCLizCGKFlFgcHWWmHQjg=
github.com/go-redis/redis v6.15.9+incompatible/go.mod h1:NAIEuMOZ/fxfXJIrKDQDz8wamY7mA7PouImQ2Jvg6kA=
github.com/go-redis/redis/v7 v7.4.0/go.mod h1:JDNMw23GTyLNC4GZu9njt15ctBQVn7xjRfnwdHj/Dcg=
github.com/go-redis/redis/v8 v8.1.1/go.mod h1:ysgGY09J/QeDYbu3HikWEIPCwaeOkuNoTgKayTEaEOw=
github.com/go-redis/redis/v8 v8.3.3 h1:e0CL9fsFDK92pkIJH2XAeS/NwO2VuIOAoJvI6yktZFk=
github.com/go-redis/redis/v8 v8.3.3/go.mod h1:jszGxBCez8QA1HWSmQxJO9Y82kNibbUmeYhKWrBejTU=
github.com/go-redsync/redsync v1.4.2 h1:KADEZ2rlaHMZWnlkthQCxfGP+8ZWwJLiSjOYN3mntKA=
github.com/go-redsync/redsync/v4 v4.0.4 h1:ru0qG+VCefaZSx3a5ADmlKZXkNdgeeYWIuymDu/tzV8=
github.com/go-redsync/redsync/v4 v4.0.4/go.mod h1:QBOJAs1k8O6Eyrre4a++pxQgHe5eQ+HF56KuTVv+8Bs=
github.com/golang/protobuf v1.2.0/go.mod h1:6lQm79b+lXiMfvg/cZm0SGofjICqVBUtrP5yJMmIC1U=
github.com/golang/protobuf v1.3.2/go.mod h1:6lQm79b+lXiMfvg/cZm0SGofjICqVBUtrP5yJMmIC1U=
github.com/golang/protobuf v1.4.0-rc.1/go.mod h1:ceaxUfeHdC40wWswd/P6IGgMaK3YpKi5j83Wpe3EHw8=
github.com/golang/protobuf v1.4.0-rc.1.0.20200221234624-67d41d38c208/go.mod h1:xKAWHe0F5eneWXFV3EuXVDTCmh+JuBKY0li0aMyXATA=
github.com/golang/protobuf v1.4.0-rc.2/go.mod h1:LlEzMj4AhA7rCAGe4KMBDvJI+AwstrUpVNzEA03Pprs=
github.com/golang/protobuf v1.4.0-rc.4.0.20200313231945-b860323f09d0/go.mod h1:WU3c8KckQ9AFe+yFwt9sWVRKCVIyN9cPHBJSNnbL67w=
github.com/golang/protobuf v1.4.0/go.mod h1:jodUvKwWbYaEsadDk5Fwe5c77LiNKVO9IDvqG2KuDX0=
github.com/golang/protobuf v1.4.2 h1:+Z5KGCizgyZCbGh1KZqA0fcLLkwbsjIzS4aV2v7wJX0=
github.com/golang/protobuf v1.4.2/go.mod h1:oDoupMAO8OvCJWAcko0GGGIgR6R6ocIYbsSw735rRwI=
github.com/gomodule/redigo v1.8.2/go.mod h1:P9dn9mFrCBvWhGE1wpxx6fgq7BAeLBk+UUUzlpkBYO0=
github.com/google/go-cmp v0.3.0/go.mod h1:8QqcDgzrUqlUb/G2PQTWiueGozuR1884gddMywk6iLU=
github.com/google/go-cmp v0.3.1/go.mod h1:8QqcDgzrUqlUb/G2PQTWiueGozuR1884gddMywk6iLU=
github.com/google/go-cmp v0.4.0/go.mod h1:v8dTdLbMG2kIc/vJvl+f65V22dbkXbowE6jgT/gNBxE=
github.com/google/go-cmp v0.5.1/go.mod h1:v8dTdLbMG2kIc/vJvl+f65V22dbkXbowE6jgT/gNBxE=
github.com/google/go-cmp v0.5.2 h1:X2ev0eStA3AbceY54o37/0PQ/UWqKEiiO2dKL5OPaFM=
github.com/google/go-cmp v0.5.2/go.mod h1:v8dTdLbMG2kIc/vJvl+f65V22dbkXbowE6jgT/gNBxE=
github.com/gorilla/websocket v1.4.2 h1:+/TMaTYc4QFitKJxsQ7Yye35DkWvkdLcvGKqM+x0Ufc=
github.com/gorilla/websocket v1.4.2/go.mod h1:YR8l580nyteQvAITg2hZ9XVh4b55+EU/adAjf1fMHhE=
github.com/hashicorp/errwrap v1.0.0 h1:hLrqtEDnRye3+sgx6z4qVLNuviH3MR5aQ0ykNJa/UYA=
github.com/hashicorp/errwrap v1.0.0/go.mod h1:YH+1FKiLXxHSkmPseP+kNlulaMuP3n2brvKWEqk/Jc4=
github.com/hashicorp/go-multierror v1.1.0 h1:B9UzwGQJehnUY1yNrnwREHc3fGbC2xefo8g4TbElacI=
github.com/hashicorp/go-multierror v1.1.0/go.mod h1:spPvp8C1qA32ftKqdAHm4hHTbPw+vmowP0z+KUhOZdA=
github.com/hpcloud/tail v1.0.0/go.mod h1:ab1qPbhIpdTxEkNHXyeSf5vhxWSCs/tWer42PpOxQnU=
github.com/jinzhu/copier v0.3.2 h1:QdBOCbaouLDYaIPFfi1bKv5F5tPpeTwXe4sD0jqtz5w=
github.com/jinzhu/copier v0.3.2/go.mod h1:24xnZezI2Yqac9J61UC6/dG/k76ttpq0DdJI3QmUvro=
github.com/kelseyhightower/envconfig v1.4.0 h1:Im6hONhd3pLkfDFsbRgu68RDNkGF1r3dvMUtDTo2cv8=
github.com/kelseyhightower/envconfig v1.4.0/go.mod h1:cccZRl6mQpaq41TPp5QxidR+Sa3axMbJDNb//FQX6Gg=
github.com/konsorten/go-windows-terminal-sequences v1.0.1 h1:mweAR1A6xJ3oS2pRaGiHgQ4OO8tzTaLawm8vnODuwDk=
github.com/konsorten/go-windows-terminal-sequences v1.0.1/go.mod h1:T0+1ngSBFLxvqU3pZ+m/2kptfBszLMUkC4ZK/EgS/cQ=
github.com/kr/pretty v0.1.0 h1:L/CwN0zerZDmRFUapSPitk6f+Q3+0za1rQkzVuMiMFI=
github.com/kr/pretty v0.1.0/go.mod h1:dAy3ld7l9f0ibDNOQOHHMYYIIbhfbHSm3C4ZsoJORNo=
github.com/kr/pty v1.1.1/go.mod h1:pFQYn66WHrOpPYNljwOMqo10TkYh1fy3cYio2l3bCsQ=
github.com/kr/text v0.1.0 h1:45sCR5RtlFHMR4UwH9sdQ5TC8v0qDQCHnXt+kaKSTVE=
github.com/kr/text v0.1.0/go.mod h1:4Jbv+DJW3UT/LiOwJeYQe1efqtUx/iVham/4vfdArNI=
github.com/nxadm/tail v1.4.4 h1:DQuhQpB1tVlglWS2hLQ5OV6B5r8aGxSrPc5Qo6uTN78=
github.com/nxadm/tail v1.4.4/go.mod h1:kenIhsEOeOJmVchQTgglprH7qJGnHDVpk1VPCcaMI8A=
github.com/onsi/ginkgo v1.6.0/go.mod h1:lLunBs/Ym6LB5Z9jYTR76FiuTmxDTDusOGeTQH+WWjE=
github.com/onsi/ginkgo v1.10.1/go.mod h1:lLunBs/Ym6LB5Z9jYTR76FiuTmxDTDusOGeTQH+WWjE=
github.com/onsi/ginkgo v1.12.1/go.mod h1:zj2OWP4+oCPe1qIXoGWkgMRwljMUYCdkwsT2108oapk=
github.com/onsi/ginkgo v1.14.1/go.mod h1:iSB4RoI2tjJc9BBv4NKIKWKya62Rps+oPG/Lv9klQyY=
github.com/onsi/ginkgo v1.14.2 h1:8mVmC9kjFFmA8H4pKMUhcblgifdkOIXPvbhN1T36q1M=
github.com/onsi/ginkgo v1.14.2/go.mod h1:iSB4RoI2tjJc9BBv4NKIKWKya62Rps+oPG/Lv9klQyY=
github.com/onsi/gomega v1.7.0/go.mod h1:ex+gbHU/CVuBBDIJjb2X0qEXbFg53c61hWP/1CpauHY=
github.com/onsi/gomega v1.7.1/go.mod h1:XdKZgCCFLUoM/7CFJVPcG8C1xQ1AJ0vpAezJrB7JYyY=
github.com/onsi/gomega v1.10.1/go.mod h1:iN09h71vgCQne3DLsj+A5owkum+a2tYe+TOCB1ybHNo=
github.com/onsi/gomega v1.10.2/go.mod h1:iN09h71vgCQne3DLsj+A5owkum+a2tYe+TOCB1ybHNo=
github.com/onsi/gomega v1.10.3 h1:gph6h/qe9GSUw1NhH1gp+qb+h8rXD8Cy60Z32Qw3ELA=
github.com/onsi/gomega v1.10.3/go.mod h1:V9xEwhxec5O8UDM77eCW8vLymOMltsqPVYWrpDsH8xc=
github.com/pkg/errors v0.9.1 h1:FEBLx1zS214owpjy7qsBeixbURkuhQAwrK5UwLGTwt4=
github.com/pkg/errors v0.9.1/go.mod h1:bwawxfHBFNV+L2hUp1rHADufV3IMtnDRdf1r5NINEl0=
github.com/pmezard/go-difflib v1.0.0 h1:4DBwDE0NGyQoBHbLQYPwSUPoCMWR5BEzIk/f1lZbAQM=
github.com/pmezard/go-difflib v1.0.0/go.mod h1:iKH77koFhYxTK1pcRnkKkqfTogsbg7gZNVY4sRDYZ/4=
github.com/rs/xid v1.3.0 h1:6NjYksEUlhurdVehpc7S7dk6DAmcKv8V9gG0FsVN2U4=
github.com/rs/xid v1.3.0/go.mod h1:trrq9SKmegXys3aeAKXMUTdJsYXVwGY3RLcfgqegfbg=
github.com/sdeoras/dispatcher v1.0.2 h1:2PIohOpkza/bzcTjEMFrKC/PmfPkNgz+gCWdUh8LxUA=
github.com/sdeoras/dispatcher v1.0.2/go.mod h1:WXv44FUh84I6S5lw9CgG14ClHMZQuPfLTtkLK1bhImE=
github.com/sirupsen/logrus v1.3.0 h1:hI/7Q+DtNZ2kINb6qt/lS+IyXnHQe9e90POfeewL/ME=
github.com/sirupsen/logrus v1.3.0/go.mod h1:LxeOpSwHxABJmUn/MG1IvRgCAasNZTLOkJPxbbu5VWo=
github.com/soheilhy/cmux v0.1.5 h1:jjzc5WVemNEDTLwv9tlmemhC73tI08BNOIGwBOo10Js=
github.com/soheilhy/cmux v0.1.5/go.mod h1:T7TcVDs9LWfQgPlPsdngu6I6QIoyIFZDDC6sNE1GqG0=
github.com/sony/gobreaker v0.4.1 h1:oMnRNZXX5j85zso6xCPRNPtmAycat+WcoKbklScLDgQ=
github.com/sony/gobreaker v0.4.1/go.mod h1:ZKptC7FHNvhBz7dN2LGjPVBz2sZJmc0/PkyDJOjmxWY=
github.com/stretchr/objx v0.1.0/go.mod h1:HFkY916IF+rwdDfMAkV7OtwuqBVzrE8GR6GFx+wExME=
github.com/stretchr/objx v0.1.1/go.mod h1:HFkY916IF+rwdDfMAkV7OtwuqBVzrE8GR6GFx+wExME=
github.com/stretchr/testify v1.2.2/go.mod h1:a8OnRcib4nhh0OaRAV+Yts87kKdq0PP7pXfy6kDkUVs=
github.com/stretchr/testify v1.3.0/go.mod h1:M5WIy9Dh21IEIfnGCwXGc5bZfKNJtfHm1UVUgZn+9EI=
github.com/stretchr/testify v1.5.1/go.mod h1:5W2xD1RspED5o8YsWQXVCued0rvSQ+mT+I5cxcmMvtA=
github.com/stretchr/testify v1.6.1 h1:hDPOHmpOpP40lSULcqw7IrRb/u7w6RpDC9399XyoNd0=
github.com/stretchr/testify v1.6.1/go.mod h1:6Fq8oRcR53rry900zMqJjRRixrwX3KX962/h/Wwjteg=
github.com/stvp/tempredis v0.0.0-20181119212430-b82af8480203/go.mod h1:oqN97ltKNihBbwlX8dLpwxCl3+HnXKV/R0e+sRLd9C8=
github.com/ugorji/go v1.2.0 h1:6eXlzYLLwZwXroJx9NyqbYcbv/d93twiOzQLDewE6qM=
github.com/ugorji/go v1.2.0/go.mod h1:1ny++pKMXhLWrwWV5Nf+CbOuZJhMoaFD+0GMFfd8fEc=
github.com/ugorji/go/codec v1.2.0 h1:As6RccOIlbm9wHuWYMlB30dErcI+4WiKWsYsmPkyrUw=
github.com/ugorji/go/codec v1.2.0/go.mod h1:dXvG35r7zTX6QImXOSFhGMmKtX+wJ7VTWzGvYQGIjBs=
github.com/yhat/wsutil v0.0.0-20170731153501-1d66fa95c997 h1:1+FQ4Ns+UZtUiQ4lP0sTCyKSQ0EXoiwAdHZB0Pd5t9Q=
github.com/yhat/wsutil v0.0.0-20170731153501-1d66fa95c997/go.mod h1:DIGbh/f5XMAessMV/uaIik81gkDVjUeQ9ApdaU7wRKE=
go.opentelemetry.io/otel v0.11.0/go.mod h1:G8UCk+KooF2HLkgo8RHX9epABH/aRGYET7gQOqBVdB0=
go.opentelemetry.io/otel v0.13.0 h1:2isEnyzjjJZq6r2EKMsFj4TxiQiexsM04AVhwbR/oBA=
go.opentelemetry.io/otel v0.13.0/go.mod h1:dlSNewoRYikTkotEnxdmuBHgzT+k/idJSfDv/FxEnOY=
golang.org/x/crypto v0.0.0-20180904163835-0709b304e793/go.mod h1:6SG95UA2DQfeDnfUPMdvaQW0Q7yPrPDi9nlGo2tz2b4=
golang.org/x/crypto v0.0.0-20190308221718-c2843e01d9a2/go.mod h1:djNgcEr1/C05ACkg1iLfiJU5Ep61QUkGW8qpdssI0+w=
golang.org/x/crypto v0.0.0-20200622213623-75b288015ac9 h1:psW17arqaxU48Z5kZ0CQnkZWQJsqcURM6tKiBApRjXI=
golang.org/x/crypto v0.0.0-20200622213623-75b288015ac9/go.mod h1:LzIPMQfyMNhhGPhUkYOs5KpL4U8rLKemX1yGLhDgUto=
golang.org/x/net v0.0.0-20180906233101-161cd47e91fd/go.mod h1:mL1N/T3taQHkDXs73rZJwtUhF3w3ftmwwsq0BUmARs4=
golang.org/x/net v0.0.0-20190404232315-eb5bcb51f2a3/go.mod h1:t9HGtf8HONx5eT2rtn7q6eTqICYqUVnKs3thJo3Qplg=
golang.org/x/net v0.0.0-20190923162816-aa69164e4478/go.mod h1:z5CRVTTTmAJ677TzLLGU+0bjPO0LkuOLi4/5GtJWs/s=
golang.org/x/net v0.0.0-20200520004742-59133d7f0dd7/go.mod h1:qpuaurCH72eLCgpAm/N6yyVIVM9cpaDIP3A8BGJEC5A=
golang.org/x/net v0.0.0-20201006153459-a7d1128ccaa0 h1:wBouT66WTYFXdxfVdz9sVWARVd/2vfGcmI45D2gj45M=
golang.org/x/net v0.0.0-20201006153459-a7d1128ccaa0/go.mod h1:sp8m0HH+o8qH0wwXwYZr8TS3Oi6o0r6Gce1SSxlDquU=
golang.org/x/net v0.0.0-20201202161906-c7110b5ffcbb h1:eBmm0M9fYhWpKZLjQUUKka/LtIxf46G4fxeEz5KJr9U=
golang.org/x/net v0.0.0-20201202161906-c7110b5ffcbb/go.mod h1:sp8m0HH+o8qH0wwXwYZr8TS3Oi6o0r6Gce1SSxlDquU=
golang.org/x/sync v0.0.0-20180314180146-1d60e4601c6f/go.mod h1:RxMgew5VJxzue5/jJTE5uejpjVlOe/izrB70Jof72aM=
golang.org/x/sys v0.0.0-20180905080454-ebe1bf3edb33/go.mod h1:STP8DvDyc/dI5b8T5hshtkjS+E42TnysNCUPdjciGhY=
golang.org/x/sys v0.0.0-20180909124046-d0be0721c37e/go.mod h1:STP8DvDyc/dI5b8T5hshtkjS+E42TnysNCUPdjciGhY=
golang.org/x/sys v0.0.0-20190215142949-d0b11bdaac8a/go.mod h1:STP8DvDyc/dI5b8T5hshtkjS+E42TnysNCUPdjciGhY=
golang.org/x/sys v0.0.0-20190412213103-97732733099d/go.mod h1:h1NjWce9XRLGQEsW7wpKNCjG9DtNlClVuFLEZdDNbEs=
golang.org/x/sys v0.0.0-20190904154756-749cb33beabd/go.mod h1:h1NjWce9XRLGQEsW7wpKNCjG9DtNlClVuFLEZdDNbEs=
golang.org/x/sys v0.0.0-20191005200804-aed5e4c7ecf9/go.mod h1:h1NjWce9XRLGQEsW7wpKNCjG9DtNlClVuFLEZdDNbEs=
golang.org/x/sys v0.0.0-20191010194322-b09406accb47/go.mod h1:h1NjWce9XRLGQEsW7wpKNCjG9DtNlClVuFLEZdDNbEs=
golang.org/x/sys v0.0.0-20191120155948-bd437916bb0e/go.mod h1:h1NjWce9XRLGQEsW7wpKNCjG9DtNlClVuFLEZdDNbEs=
golang.org/x/sys v0.0.0-20200323222414-85ca7c5b95cd/go.mod h1:h1NjWce9XRLGQEsW7wpKNCjG9DtNlClVuFLEZdDNbEs=
golang.org/x/sys v0.0.0-20200519105757-fe76b779f299/go.mod h1:h1NjWce9XRLGQEsW7wpKNCjG9DtNlClVuFLEZdDNbEs=
golang.org/x/sys v0.0.0-20200615200032-f1bc736245b1/go.mod h1:h1NjWce9XRLGQEsW7wpKNCjG9DtNlClVuFLEZdDNbEs=
golang.org/x/sys v0.0.0-20200930185726-fdedc70b468f h1:+Nyd8tzPX9R7BWHguqsrbFdRx3WQ/1ib8I44HXV5yTA=
golang.org/x/sys v0.0.0-20200930185726-fdedc70b468f/go.mod h1:h1NjWce9XRLGQEsW7wpKNCjG9DtNlClVuFLEZdDNbEs=
golang.org/x/text v0.3.0/go.mod h1:NqM8EUOU14njkJ3fqMW+pc6Ldnwhi/IjpwHt7yyuwOQ=
golang.org/x/text v0.3.2/go.mod h1:bEr9sfX3Q8Zfm5fL9x+3itogRgK3+ptLWKqgva+5dAk=
golang.org/x/text v0.3.3 h1:cokOdA+Jmi5PJGXLlLllQSgYigAEfHXJAERHVMaCc2k=
golang.org/x/text v0.3.3/go.mod h1:5Zoc/QRtKVWzQhOtBMvqHzDpF6irO9z98xDceosuGiQ=
golang.org/x/tools v0.0.0-20180917221912-90fa682c2a6e/go.mod h1:n7NCudcB/nEzxVGmLbDWY5pfWTLqBcC2KZ6jyYvM4mQ=
golang.org/x/xerrors v0.0.0-20191204190536-9bdfabe68543 h1:E7g+9GITq07hpfrRu66IVDexMakfv52eLZ2CXBWiKr4=
golang.org/x/xerrors v0.0.0-20191204190536-9bdfabe68543/go.mod h1:I/5z698sn9Ka8TeJc9MKroUUfqBBauWjQqLJ2OPfmY0=
google.golang.org/protobuf v0.0.0-20200109180630-ec00e32a8dfd/go.mod h1:DFci5gLYBciE7Vtevhsrf46CRTquxDuWsQurQQe4oz8=
google.golang.org/protobuf v0.0.0-20200221191635-4d8936d0db64/go.mod h1:kwYJMbMJ01Woi6D6+Kah6886xMZcty6N08ah7+eCXa0=
google.golang.org/protobuf v0.0.0-20200228230310-ab0ca4ff8a60/go.mod h1:cfTl7dwQJ+fmap5saPgwCLgHXTUD7jkjRqWcaiX5VyM=
google.golang.org/protobuf v1.20.1-0.20200309200217-e05f789c0967/go.mod h1:A+miEFZTKqfCUM6K7xSMQL9OKL/b6hQv+e19PK+JZNE=
google.golang.org/protobuf v1.21.0/go.mod h1:47Nbq4nVaFHyn7ilMalzfO3qCViNmqZ2kzikPIcrTAo=
google.golang.org/protobuf v1.23.0 h1:4MY060fB1DLGMB/7MBTLnwQUY6+F09GEiz6SsrNqyzM=
google.golang.org/protobuf v1.23.0/go.mod h1:EGpADcykh3NcUnDUJcl1+ZksZNG86OlYog2l/sGQquU=
gopkg.in/check.v1 v0.0.0-20161208181325-20d25e280405/go.mod h1:Co6ibVJAznAaIkqp8huTwlJQCZ016jof/cbN4VW5Yz0=
gopkg.in/check.v1 v1.0.0-20180628173108-788fd7840127 h1:qIbj1fsPNlZgppZ+VLlY7N33q108Sa+fhmuc+sWQYwY=
gopkg.in/check.v1 v1.0.0-20180628173108-788fd7840127/go.mod h1:Co6ibVJAznAaIkqp8huTwlJQCZ016jof/cbN4VW5Yz0=
gopkg.in/check.v1 v1.0.0-20190902080502-41f04d3bba15/go.mod h1:Co6ibVJAznAaIkqp8huTwlJQCZ016jof/cbN4VW5Yz0=
gopkg.in/fsnotify.v1 v1.4.7/go.mod h1:Tz8NjZHkW78fSQdbUxIjBTcgA1z1m8ZHf0WmKUhAMys=
gopkg.in/tomb.v1 v1.0.0-20141024135613-dd632973f1e7 h1:uRGJdciOHaEIrze2W8Q3AKkepLTh2hOroT7a+7czfdQ=
gopkg.in/tomb.v1 v1.0.0-20141024135613-dd632973f1e7/go.mod h1:dt/ZhP58zS4L8KSrWDmTeBkI65Dw0HsyUHuEVlX15mw=
gopkg.in/yaml.v2 v2.2.1/go.mod h1:hI93XBmqTisBFMUTm0b8Fm+jr3Dg1NNxqwp+5A1VGuI=
gopkg.in/yaml.v2 v2.2.2/go.mod h1:hI93XBmqTisBFMUTm0b8Fm+jr3Dg1NNxqwp+5A1VGuI=
gopkg.in/yaml.v2 v2.2.4/go.mod h1:hI93XBmqTisBFMUTm0b8Fm+jr3Dg1NNxqwp+5A1VGuI=
gopkg.in/yaml.v2 v2.3.0 h1:clyUAQHOM3G0M3f5vQj7LuJrETvjVot3Z5el9nffUtU=
gopkg.in/yaml.v2 v2.3.0/go.mod h1:hI93XBmqTisBFMUTm0b8Fm+jr3Dg1NNxqwp+5A1VGuI=
gopkg.in/yaml.v3 v3.0.0-20200313102051-9f266ea9e77c h1:dUUwHk2QECo/6vqA44rthZ8ie2QXMNeKRTHCNY2nXvo=
gopkg.in/yaml.v3 v3.0.0-20200313102051-9f266ea9e77c/go.mod h1:K4uyk7z7BCEPqu6E+C64Yfv1cQ7kz7rIZviUmN+EgEM=
