{
  "name": "full-setup",
  "version": "1.0.0",
  "lockfileVersion": 2,
  "requires": true,
  "packages": {
    "": {
      "name": "full-setup",
      "version": "1.0.0",
      "license": "ISC",
      "dependencies": {
        "jaeger-client": "^3.18.1",
        "opentracing": "^0.14.5",
        "ws": "^8.5.0"
      }
    },
    "node_modules/ansi-color": {
      "version": "0.2.1",
      "resolved": "https://registry.npmjs.org/ansi-color/-/ansi-color-0.2.1.tgz",
      "integrity": "sha1-PnXAN0dSF1RO12Oo21cJ+prlv5o=",
      "engines": {
        "node": "*"
      }
    },
    "node_modules/bufrw": {
      "version": "1.3.0",
      "resolved": "https://registry.npmjs.org/bufrw/-/bufrw-1.3.0.tgz",
      "integrity": "sha512-jzQnSbdJqhIltU9O5KUiTtljP9ccw2u5ix59McQy4pV2xGhVLhRZIndY8GIrgh5HjXa6+QJ9AQhOd2QWQizJFQ==",
      "dependencies": {
        "ansi-color": "^0.2.1",
        "error": "^7.0.0",
        "hexer": "^1.5.0",
        "xtend": "^4.0.0"
      },
      "engines": {
        "node": ">= 0.10.x"
      }
    },
    "node_modules/error": {
      "version": "7.0.2",
      "resolved": "https://registry.npmjs.org/error/-/error-7.0.2.tgz",
      "integrity": "sha1-pfdf/02ZJhJt2sDqXcOOaJFTywI=",
      "dependencies": {
        "string-template": "~0.2.1",
        "xtend": "~4.0.0"
      }
    },
    "node_modules/hexer": {
      "version": "1.5.0",
      "resolved": "https://registry.npmjs.org/hexer/-/hexer-1.5.0.tgz",
      "integrity": "sha1-uGzoCFmOip0YksVx887dhvyfBlM=",
      "dependencies": {
        "ansi-color": "^0.2.1",
        "minimist": "^1.1.0",
        "process": "^0.10.0",
        "xtend": "^4.0.0"
      },
      "bin": {
        "hexer": "cli.js"
      },
      "engines": {
        "node": ">= 0.10.x"
      }
    },
    "node_modules/jaeger-client": {
      "version": "3.19.0",
      "resolved": "https://registry.npmjs.org/jaeger-client/-/jaeger-client-3.19.0.tgz",
      "integrity": "sha512-M0c7cKHmdyEUtjemnJyx/y9uX16XHocL46yQvyqDlPdvAcwPDbHrIbKjQdBqtiE4apQ/9dmr+ZLJYYPGnurgpw==",
      "dependencies": {
        "node-int64": "^0.4.0",
        "opentracing": "^0.14.4",
        "thriftrw": "^3.5.0",
        "uuid": "^8.3.2",
        "xorshift": "^1.1.1"
      },
      "engines": {
        "node": ">=10"
      }
    },
    "node_modules/long": {
      "version": "2.4.0",
      "resolved": "https://registry.npmjs.org/long/-/long-2.4.0.tgz",
      "integrity": "sha1-n6GAux2VAM3CnEFWdmoZleH0Uk8=",
      "engines": {
        "node": ">=0.6"
      }
    },
    "node_modules/minimist": {
      "version": "1.2.6",
      "resolved": "https://registry.npmjs.org/minimist/-/minimist-1.2.6.tgz",
      "integrity": "sha512-Jsjnk4bw3YJqYzbdyBiNsPWHPfO++UGG749Cxs6peCu5Xg4nrena6OVxOYxrQTqww0Jmwt+Ref8rggumkTLz9Q=="
    },
    "node_modules/node-int64": {
      "version": "0.4.0",
      "resolved": "https://registry.npmjs.org/node-int64/-/node-int64-0.4.0.tgz",
      "integrity": "sha1-h6kGXNs1XTGC2PlM4RGIuCXGijs="
    },
    "node_modules/opentracing": {
      "version": "0.14.7",
      "resolved": "https://registry.npmjs.org/opentracing/-/opentracing-0.14.7.tgz",
      "integrity": "sha512-vz9iS7MJ5+Bp1URw8Khvdyw1H/hGvzHWlKQ7eRrQojSCDL1/SrWfrY9QebLw97n2deyRtzHRC3MkQfVNUCo91Q==",
      "engines": {
        "node": ">=0.10"
      }
    },
    "node_modules/process": {
      "version": "0.10.1",
      "resolved": "https://registry.npmjs.org/process/-/process-0.10.1.tgz",
      "integrity": "sha1-hCRXzFHP7XLcd1r+6vuMYDQ3JyU=",
      "engines": {
        "node": ">= 0.6.0"
      }
    },
    "node_modules/string-template": {
      "version": "0.2.1",
      "resolved": "https://registry.npmjs.org/string-template/-/string-template-0.2.1.tgz",
      "integrity": "sha1-QpMuWYo1LQH8IuwzZ9nYTuxsmt0="
    },
    "node_modules/thriftrw": {
      "version": "3.12.0",
      "resolved": "https://registry.npmjs.org/thriftrw/-/thriftrw-3.12.0.tgz",
      "integrity": "sha512-4YZvR4DPEI41n4Opwr4jmrLGG4hndxr7387kzRFIIzxHQjarPusH4lGXrugvgb7TtPrfZVTpZCVe44/xUxowEw==",
      "dependencies": {
        "bufrw": "^1.3.0",
        "error": "7.0.2",
        "long": "^2.4.0"
      },
      "bin": {
        "thrift2json": "thrift2json.js"
      },
      "engines": {
        "node": ">= 0.10.x"
      }
    },
    "node_modules/uuid": {
      "version": "8.3.2",
      "resolved": "https://registry.npmjs.org/uuid/-/uuid-8.3.2.tgz",
      "integrity": "sha512-+NYs2QeMWy+GWFOEm9xnn6HCDp0l7QBD7ml8zLUmJ+93Q5NF0NocErnwkTkXVFNiX3/fpC6afS8Dhb/gz7R7eg==",
      "bin": {
        "uuid": "dist/bin/uuid"
      }
    },
    "node_modules/ws": {
      "version": "8.5.0",
      "resolved": "https://registry.npmjs.org/ws/-/ws-8.5.0.tgz",
      "integrity": "sha512-BWX0SWVgLPzYwF8lTzEy1egjhS4S4OEAHfsO8o65WOVsrnSRGaSiUaa9e0ggGlkMTtBlmOpEXiie9RUcBO86qg==",
      "engines": {
        "node": ">=10.0.0"
      },
      "peerDependencies": {
        "bufferutil": "^4.0.1",
        "utf-8-validate": "^5.0.2"
      },
      "peerDependenciesMeta": {
        "bufferutil": {
          "optional": true
        },
        "utf-8-validate": {
          "optional": true
        }
      }
    },
    "node_modules/xorshift": {
      "version": "1.2.0",
      "resolved": "https://registry.npmjs.org/xorshift/-/xorshift-1.2.0.tgz",
      "integrity": "sha512-iYgNnGyeeJ4t6U11NpA/QiKy+PXn5Aa3Azg5qkwIFz1tBLllQrjjsk9yzD7IAK0naNU4JxdeDgqW9ov4u/hc4g=="
    },
    "node_modules/xtend": {
      "version": "4.0.2",
      "resolved": "https://registry.npmjs.org/xtend/-/xtend-4.0.2.tgz",
      "integrity": "sha512-LKYU1iAXJXUgAXn9URjiu+MWhyUXHsvfp7mcuYm9dSUKK0/CjtrUwFAxD82/mCWbtLsGjFIad0wIsod4zrTAEQ==",
      "engines": {
        "node": ">=0.4"
      }
    }
  },
  "dependencies": {
    "ansi-color": {
      "version": "0.2.1",
      "resolved": "https://registry.npmjs.org/ansi-color/-/ansi-color-0.2.1.tgz",
      "integrity": "sha1-PnXAN0dSF1RO12Oo21cJ+prlv5o="
    },
    "bufrw": {
      "version": "1.3.0",
      "resolved": "https://registry.npmjs.org/bufrw/-/bufrw-1.3.0.tgz",
      "integrity": "sha512-jzQnSbdJqhIltU9O5KUiTtljP9ccw2u5ix59McQy4pV2xGhVLhRZIndY8GIrgh5HjXa6+QJ9AQhOd2QWQizJFQ==",
      "requires": {
        "ansi-color": "^0.2.1",
        "error": "^7.0.0",
        "hexer": "^1.5.0",
        "xtend": "^4.0.0"
      }
    },
    "error": {
      "version": "7.0.2",
      "resolved": "https://registry.npmjs.org/error/-/error-7.0.2.tgz",
      "integrity": "sha1-pfdf/02ZJhJt2sDqXcOOaJFTywI=",
      "requires": {
        "string-template": "~0.2.1",
        "xtend": "~4.0.0"
      }
    },
    "hexer": {
      "version": "1.5.0",
      "resolved": "https://registry.npmjs.org/hexer/-/hexer-1.5.0.tgz",
      "integrity": "sha1-uGzoCFmOip0YksVx887dhvyfBlM=",
      "requires": {
        "ansi-color": "^0.2.1",
        "minimist": "^1.1.0",
        "process": "^0.10.0",
        "xtend": "^4.0.0"
      }
    },
    "jaeger-client": {
      "version": "3.19.0",
      "resolved": "https://registry.npmjs.org/jaeger-client/-/jaeger-client-3.19.0.tgz",
      "integrity": "sha512-M0c7cKHmdyEUtjemnJyx/y9uX16XHocL46yQvyqDlPdvAcwPDbHrIbKjQdBqtiE4apQ/9dmr+ZLJYYPGnurgpw==",
      "requires": {
        "node-int64": "^0.4.0",
        "opentracing": "^0.14.4",
        "thriftrw": "^3.5.0",
        "uuid": "^8.3.2",
        "xorshift": "^1.1.1"
      }
    },
    "long": {
      "version": "2.4.0",
      "resolved": "https://registry.npmjs.org/long/-/long-2.4.0.tgz",
      "integrity": "sha1-n6GAux2VAM3CnEFWdmoZleH0Uk8="
    },
    "minimist": {
      "version": "1.2.6",
      "resolved": "https://registry.npmjs.org/minimist/-/minimist-1.2.6.tgz",
      "integrity": "sha512-Jsjnk4bw3YJqYzbdyBiNsPWHPfO++UGG749Cxs6peCu5Xg4nrena6OVxOYxrQTqww0Jmwt+Ref8rggumkTLz9Q=="
    },
    "node-int64": {
      "version": "0.4.0",
      "resolved": "https://registry.npmjs.org/node-int64/-/node-int64-0.4.0.tgz",
      "integrity": "sha1-h6kGXNs1XTGC2PlM4RGIuCXGijs="
    },
    "opentracing": {
      "version": "0.14.7",
      "resolved": "https://registry.npmjs.org/opentracing/-/opentracing-0.14.7.tgz",
      "integrity": "sha512-vz9iS7MJ5+Bp1URw8Khvdyw1H/hGvzHWlKQ7eRrQojSCDL1/SrWfrY9QebLw97n2deyRtzHRC3MkQfVNUCo91Q=="
    },
    "process": {
      "version": "0.10.1",
      "resolved": "https://registry.npmjs.org/process/-/process-0.10.1.tgz",
      "integrity": "sha1-hCRXzFHP7XLcd1r+6vuMYDQ3JyU="
    },
    "string-template": {
      "version": "0.2.1",
      "resolved": "https://registry.npmjs.org/string-template/-/string-template-0.2.1.tgz",
      "integrity": "sha1-QpMuWYo1LQH8IuwzZ9nYTuxsmt0="
    },
    "thriftrw": {
      "version": "3.12.0",
      "resolved": "https://registry.npmjs.org/thriftrw/-/thriftrw-3.12.0.tgz",
      "integrity": "sha512-4YZvR4DPEI41n4Opwr4jmrLGG4hndxr7387kzRFIIzxHQjarPusH4lGXrugvgb7TtPrfZVTpZCVe44/xUxowEw==",
      "requires": {
        "bufrw": "^1.3.0",
        "error": "7.0.2",
        "long": "^2.4.0"
      }
    },
    "uuid": {
      "version": "8.3.2",
      "resolved": "https://registry.npmjs.org/uuid/-/uuid-8.3.2.tgz",
      "integrity": "sha512-+NYs2QeMWy+GWFOEm9xnn6HCDp0l7QBD7ml8zLUmJ+93Q5NF0NocErnwkTkXVFNiX3/fpC6afS8Dhb/gz7R7eg=="
    },
    "ws": {
      "version": "8.5.0",
      "resolved": "https://registry.npmjs.org/ws/-/ws-8.5.0.tgz",
      "integrity": "sha512-BWX0SWVgLPzYwF8lTzEy1egjhS4S4OEAHfsO8o65WOVsrnSRGaSiUaa9e0ggGlkMTtBlmOpEXiie9RUcBO86qg==",
      "requires": {}
    },
    "xorshift": {
      "version": "1.2.0",
      "resolved": "https://registry.npmjs.org/xorshift/-/xorshift-1.2.0.tgz",
      "integrity": "sha512-iYgNnGyeeJ4t6U11NpA/QiKy+PXn5Aa3Azg5qkwIFz1tBLllQrjjsk9yzD7IAK0naNU4JxdeDgqW9ov4u/hc4g=="
    },
    "xtend": {
      "version": "4.0.2",
      "resolved": "https://registry.npmjs.org/xtend/-/xtend-4.0.2.tgz",
      "integrity": "sha512-LKYU1iAXJXUgAXn9URjiu+MWhyUXHsvfp7mcuYm9dSUKK0/CjtrUwFAxD82/mCWbtLsGjFIad0wIsod4zrTAEQ=="
    }
  }
}
